
Microsoft Visual Studio Solution File, Format Version 12.00
# Visual Studio Version 17
VisualStudioVersion = 17.0.32014.148
MinimumVisualStudioVersion = 10.0.40219.1
Project("{FAE04EC0-301F-11D3-BF4B-00C04F79EFBC}") = "PreSkool_project", "PreSkool_project\PreSkool_project.csproj", "{A7068DF5-E7D8-4BCC-8BF7-B03DAE579DFF}"
EndProject
Global
	GlobalSection(SolutionConfigurationPlatforms) = preSolution
		Debug|Any CPU = Debug|Any CPU
		Release|Any CPU = Release|Any CPU
	EndGlobalSection
	GlobalSection(ProjectConfigurationPlatforms) = postSolution
		{A7068DF5-E7D8-4BCC-8BF7-B03DAE579DFF}.Debug|Any CPU.ActiveCfg = Debug|Any CPU
		{A7068DF5-E7D8-4BCC-8BF7-B03DAE579DFF}.Debug|Any CPU.Build.0 = Debug|Any CPU
		{A7068DF5-E7D8-4BCC-8BF7-B03DAE579DFF}.Release|Any CPU.ActiveCfg = Release|Any CPU
		{A7068DF5-E7D8-4BCC-8BF7-B03DAE579DFF}.Release|Any CPU.Build.0 = Release|Any CPU
	EndGlobalSection
	GlobalSection(SolutionProperties) = preSolution
		HideSolutionNode = FALSE
	EndGlobalSection
	GlobalSection(ExtensibilityGlobals) = postSolution
		SolutionGuid = {54F29C65-6993-4665-9566-33FB8A99A11B}
	EndGlobalSection
EndGlobal
